
Microsoft Visual Studio Solution File, Format Version 12.00
# Visual Studio Version 17
VisualStudioVersion = 17.9.34728.123
MinimumVisualStudioVersion = 10.0.40219.1
Project("{FAE04EC0-301F-11D3-BF4B-00C04F79EFBC}") = "LeaveManagement.UI", "LeaveManagement.UI\LeaveManagement.UI.csproj", "{9D0602AB-3408-488D-BADB-6E3286E6CD0D}"
EndProject
Project("{2150E333-8FDC-42A3-9474-1A3956D46DE8}") = "src", "src", "{EA5EA123-788E-4491-A002-AC6D76877831}"
EndProject
Project("{FAE04EC0-301F-11D3-BF4B-00C04F79EFBC}") = "LeaveManagement.Core", "LeaveManagement.Core\LeaveManagement.Core.csproj", "{F22C264A-2532-4F40-ADE7-CC8B92B1604F}"
EndProject
Project("{FAE04EC0-301F-11D3-BF4B-00C04F79EFBC}") = "LeaveManagement.Infrastructure", "LeaveManagement.Infrastructure\LeaveManagement.Infrastructure.csproj", "{8D67F3C3-4B5A-4B6A-B335-CA8531DE7AD5}"
EndProject
Project("{2150E333-8FDC-42A3-9474-1A3956D46DE8}") = "tests", "tests", "{1586E2B6-2C64-4BE4-BFB9-55CC432F00A0}"
EndProject
Global
	GlobalSection(SolutionConfigurationPlatforms) = preSolution
		Debug|Any CPU = Debug|Any CPU
		Release|Any CPU = Release|Any CPU
	EndGlobalSection
	GlobalSection(ProjectConfigurationPlatforms) = postSolution
		{9D0602AB-3408-488D-BADB-6E3286E6CD0D}.Debug|Any CPU.ActiveCfg = Debug|Any CPU
		{9D0602AB-3408-488D-BADB-6E3286E6CD0D}.Debug|Any CPU.Build.0 = Debug|Any CPU
		{9D0602AB-3408-488D-BADB-6E3286E6CD0D}.Release|Any CPU.ActiveCfg = Release|Any CPU
		{9D0602AB-3408-488D-BADB-6E3286E6CD0D}.Release|Any CPU.Build.0 = Release|Any CPU
		{F22C264A-2532-4F40-ADE7-CC8B92B1604F}.Debug|Any CPU.ActiveCfg = Debug|Any CPU
		{F22C264A-2532-4F40-ADE7-CC8B92B1604F}.Debug|Any CPU.Build.0 = Debug|Any CPU
		{F22C264A-2532-4F40-ADE7-CC8B92B1604F}.Release|Any CPU.ActiveCfg = Release|Any CPU
		{F22C264A-2532-4F40-ADE7-CC8B92B1604F}.Release|Any CPU.Build.0 = Release|Any CPU
		{8D67F3C3-4B5A-4B6A-B335-CA8531DE7AD5}.Debug|Any CPU.ActiveCfg = Debug|Any CPU
		{8D67F3C3-4B5A-4B6A-B335-CA8531DE7AD5}.Debug|Any CPU.Build.0 = Debug|Any CPU
		{8D67F3C3-4B5A-4B6A-B335-CA8531DE7AD5}.Release|Any CPU.ActiveCfg = Release|Any CPU
		{8D67F3C3-4B5A-4B6A-B335-CA8531DE7AD5}.Release|Any CPU.Build.0 = Release|Any CPU
	EndGlobalSection
	GlobalSection(SolutionProperties) = preSolution
		HideSolutionNode = FALSE
	EndGlobalSection
	GlobalSection(NestedProjects) = preSolution
		{9D0602AB-3408-488D-BADB-6E3286E6CD0D} = {EA5EA123-788E-4491-A002-AC6D76877831}
		{F22C264A-2532-4F40-ADE7-CC8B92B1604F} = {EA5EA123-788E-4491-A002-AC6D76877831}
		{8D67F3C3-4B5A-4B6A-B335-CA8531DE7AD5} = {EA5EA123-788E-4491-A002-AC6D76877831}
	EndGlobalSection
	GlobalSection(ExtensibilityGlobals) = postSolution
		SolutionGuid = {F026310F-DB8F-4141-87A2-FF70A87DC671}
	EndGlobalSection
EndGlobal
